// !$*UTF8*$!
{
	archiveVersion = 1;
	classes = {
	};
	objectVersion = 46;
	objects = {

/* Begin PBXBuildFile section */
		81E30A951AD67C08005BDD8E /* Model.xcdatamodeld in Sources */ = {isa = PBXBuildFile; fileRef = 81E30A931AD67C08005BDD8E /* Model.xcdatamodeld */; };
		DA133C871ABB22D10036F50E /* MapKit.framework in Frameworks */ = {isa = PBXBuildFile; fileRef = DA133C861ABB22D10036F50E /* MapKit.framework */; };
		DA2455081AC94DBA009BE91E /* NoteViewController.m in Sources */ = {isa = PBXBuildFile; fileRef = DA2455071AC94DBA009BE91E /* NoteViewController.m */; };
		DA24550B1AC95511009BE91E /* IntroPageViewController.m in Sources */ = {isa = PBXBuildFile; fileRef = DA24550A1AC95511009BE91E /* IntroPageViewController.m */; };
		DA2455111AC955D8009BE91E /* IntroViewController.m in Sources */ = {isa = PBXBuildFile; fileRef = DA2455101AC955D8009BE91E /* IntroViewController.m */; };
		DA8197F61AC973B1009B554E /* RootViewController.m in Sources */ = {isa = PBXBuildFile; fileRef = DA8197F51AC973B1009B554E /* RootViewController.m */; };
		DA8197F91AC98362009B554E /* NavigationController.m in Sources */ = {isa = PBXBuildFile; fileRef = DA8197F81AC98362009B554E /* NavigationController.m */; };
		DA82FE111AB98B0E0098FFEC /* main.m in Sources */ = {isa = PBXBuildFile; fileRef = DA82FE101AB98B0E0098FFEC /* main.m */; };
		DA82FE141AB98B0E0098FFEC /* AppDelegate.m in Sources */ = {isa = PBXBuildFile; fileRef = DA82FE131AB98B0E0098FFEC /* AppDelegate.m */; };
		DA82FE1A1AB98B0E0098FFEC /* Main.storyboard in Resources */ = {isa = PBXBuildFile; fileRef = DA82FE181AB98B0E0098FFEC /* Main.storyboard */; };
		DA82FE1C1AB98B0E0098FFEC /* Images.xcassets in Resources */ = {isa = PBXBuildFile; fileRef = DA82FE1B1AB98B0E0098FFEC /* Images.xcassets */; };
		DA82FE1F1AB98B0E0098FFEC /* LaunchScreen.xib in Resources */ = {isa = PBXBuildFile; fileRef = DA82FE1D1AB98B0E0098FFEC /* LaunchScreen.xib */; };
		DA82FE2B1AB98B0E0098FFEC /* iOSFinalTests.m in Sources */ = {isa = PBXBuildFile; fileRef = DA82FE2A1AB98B0E0098FFEC /* iOSFinalTests.m */; };
		DAA178951AC02940001EC214 /* NoteCell.m in Sources */ = {isa = PBXBuildFile; fileRef = DAA178941AC02940001EC214 /* NoteCell.m */; };
		DAA178981AC02956001EC214 /* NotesViewController.m in Sources */ = {isa = PBXBuildFile; fileRef = DAA178971AC02956001EC214 /* NotesViewController.m */; };
		DAD52C1E1AC0452500DF81B4 /* NoteTextView.m in Sources */ = {isa = PBXBuildFile; fileRef = DAD52C1D1AC0452500DF81B4 /* NoteTextView.m */; };
/* End PBXBuildFile section */

/* Begin PBXContainerItemProxy section */
		DA82FE251AB98B0E0098FFEC /* PBXContainerItemProxy */ = {
			isa = PBXContainerItemProxy;
			containerPortal = DA82FE031AB98B0E0098FFEC /* Project object */;
			proxyType = 1;
			remoteGlobalIDString = DA82FE0A1AB98B0E0098FFEC;
			remoteInfo = iOSFinal;
		};
/* End PBXContainerItemProxy section */

/* Begin PBXFileReference section */
		81E30A941AD67C08005BDD8E /* Model.xcdatamodel */ = {isa = PBXFileReference; lastKnownFileType = wrapper.xcdatamodel; path = Model.xcdatamodel; sourceTree = "<group>"; };
		DA133C861ABB22D10036F50E /* MapKit.framework */ = {isa = PBXFileReference; lastKnownFileType = wrapper.framework; name = MapKit.framework; path = System/Library/Frameworks/MapKit.framework; sourceTree = SDKROOT; };
		DA2455061AC94DBA009BE91E /* NoteViewController.h */ = {isa = PBXFileReference; fileEncoding = 4; lastKnownFileType = sourcecode.c.h; name = NoteViewController.h; path = ../NoteViewController.h; sourceTree = "<group>"; };
		DA2455071AC94DBA009BE91E /* NoteViewController.m */ = {isa = PBXFileReference; fileEncoding = 4; lastKnownFileType = sourcecode.c.objc; name = NoteViewController.m; path = ../NoteViewController.m; sourceTree = "<group>"; };
		DA2455091AC95511009BE91E /* IntroPageViewController.h */ = {isa = PBXFileReference; fileEncoding = 4; lastKnownFileType = sourcecode.c.h; name = IntroPageViewController.h; path = ../IntroPageViewController.h; sourceTree = "<group>"; };
		DA24550A1AC95511009BE91E /* IntroPageViewController.m */ = {isa = PBXFileReference; fileEncoding = 4; lastKnownFileType = sourcecode.c.objc; name = IntroPageViewController.m; path = ../IntroPageViewController.m; sourceTree = "<group>"; };
		DA24550F1AC955D8009BE91E /* IntroViewController.h */ = {isa = PBXFileReference; fileEncoding = 4; lastKnownFileType = sourcecode.c.h; name = IntroViewController.h; path = ../IntroViewController.h; sourceTree = "<group>"; };
		DA2455101AC955D8009BE91E /* IntroViewController.m */ = {isa = PBXFileReference; fileEncoding = 4; lastKnownFileType = sourcecode.c.objc; name = IntroViewController.m; path = ../IntroViewController.m; sourceTree = "<group>"; };
		DA8197F41AC973B1009B554E /* RootViewController.h */ = {isa = PBXFileReference; fileEncoding = 4; lastKnownFileType = sourcecode.c.h; name = RootViewController.h; path = ../RootViewController.h; sourceTree = "<group>"; };
		DA8197F51AC973B1009B554E /* RootViewController.m */ = {isa = PBXFileReference; fileEncoding = 4; lastKnownFileType = sourcecode.c.objc; name = RootViewController.m; path = ../RootViewController.m; sourceTree = "<group>"; };
		DA8197F71AC98362009B554E /* NavigationController.h */ = {isa = PBXFileReference; fileEncoding = 4; lastKnownFileType = sourcecode.c.h; name = NavigationController.h; path = ../NavigationController.h; sourceTree = "<group>"; };
		DA8197F81AC98362009B554E /* NavigationController.m */ = {isa = PBXFileReference; fileEncoding = 4; lastKnownFileType = sourcecode.c.objc; name = NavigationController.m; path = ../NavigationController.m; sourceTree = "<group>"; };
		DA82FE0B1AB98B0E0098FFEC /* iOSFinal.app */ = {isa = PBXFileReference; explicitFileType = wrapper.application; includeInIndex = 0; path = iOSFinal.app; sourceTree = BUILT_PRODUCTS_DIR; };
		DA82FE0F1AB98B0E0098FFEC /* Info.plist */ = {isa = PBXFileReference; lastKnownFileType = text.plist.xml; path = Info.plist; sourceTree = "<group>"; };
		DA82FE101AB98B0E0098FFEC /* main.m */ = {isa = PBXFileReference; lastKnownFileType = sourcecode.c.objc; path = main.m; sourceTree = "<group>"; };
		DA82FE121AB98B0E0098FFEC /* AppDelegate.h */ = {isa = PBXFileReference; lastKnownFileType = sourcecode.c.h; path = AppDelegate.h; sourceTree = "<group>"; };
		DA82FE131AB98B0E0098FFEC /* AppDelegate.m */ = {isa = PBXFileReference; lastKnownFileType = sourcecode.c.objc; path = AppDelegate.m; sourceTree = "<group>"; };
		DA82FE191AB98B0E0098FFEC /* Base */ = {isa = PBXFileReference; lastKnownFileType = file.storyboard; name = Base; path = Base.lproj/Main.storyboard; sourceTree = "<group>"; };
		DA82FE1B1AB98B0E0098FFEC /* Images.xcassets */ = {isa = PBXFileReference; lastKnownFileType = folder.assetcatalog; path = Images.xcassets; sourceTree = "<group>"; };
		DA82FE1E1AB98B0E0098FFEC /* Base */ = {isa = PBXFileReference; lastKnownFileType = file.xib; name = Base; path = Base.lproj/LaunchScreen.xib; sourceTree = "<group>"; };
		DA82FE241AB98B0E0098FFEC /* iOSFinalTests.xctest */ = {isa = PBXFileReference; explicitFileType = wrapper.cfbundle; includeInIndex = 0; path = iOSFinalTests.xctest; sourceTree = BUILT_PRODUCTS_DIR; };
		DA82FE291AB98B0E0098FFEC /* Info.plist */ = {isa = PBXFileReference; lastKnownFileType = text.plist.xml; path = Info.plist; sourceTree = "<group>"; };
		DA82FE2A1AB98B0E0098FFEC /* iOSFinalTests.m */ = {isa = PBXFileReference; lastKnownFileType = sourcecode.c.objc; path = iOSFinalTests.m; sourceTree = "<group>"; };
		DAA178931AC02940001EC214 /* NoteCell.h */ = {isa = PBXFileReference; fileEncoding = 4; lastKnownFileType = sourcecode.c.h; path = NoteCell.h; sourceTree = "<group>"; };
		DAA178941AC02940001EC214 /* NoteCell.m */ = {isa = PBXFileReference; fileEncoding = 4; lastKnownFileType = sourcecode.c.objc; path = NoteCell.m; sourceTree = "<group>"; };
		DAA178961AC02956001EC214 /* NotesViewController.h */ = {isa = PBXFileReference; fileEncoding = 4; lastKnownFileType = sourcecode.c.h; path = NotesViewController.h; sourceTree = "<group>"; };
		DAA178971AC02956001EC214 /* NotesViewController.m */ = {isa = PBXFileReference; fileEncoding = 4; lastKnownFileType = sourcecode.c.objc; path = NotesViewController.m; sourceTree = "<group>"; };
		DAD52C1C1AC0452500DF81B4 /* NoteTextView.h */ = {isa = PBXFileReference; fileEncoding = 4; lastKnownFileType = sourcecode.c.h; path = NoteTextView.h; sourceTree = "<group>"; };
		DAD52C1D1AC0452500DF81B4 /* NoteTextView.m */ = {isa = PBXFileReference; fileEncoding = 4; lastKnownFileType = sourcecode.c.objc; path = NoteTextView.m; sourceTree = "<group>"; };
/* End PBXFileReference section */

/* Begin PBXFrameworksBuildPhase section */
		DA82FE081AB98B0E0098FFEC /* Frameworks */ = {
			isa = PBXFrameworksBuildPhase;
			buildActionMask = 2147483647;
			files = (
				DA133C871ABB22D10036F50E /* MapKit.framework in Frameworks */,
			);
			runOnlyForDeploymentPostprocessing = 0;
		};
		DA82FE211AB98B0E0098FFEC /* Frameworks */ = {
			isa = PBXFrameworksBuildPhase;
			buildActionMask = 2147483647;
			files = (
			);
			runOnlyForDeploymentPostprocessing = 0;
		};
/* End PBXFrameworksBuildPhase section */

/* Begin PBXGroup section */
		DA82FE021AB98B0E0098FFEC = {
			isa = PBXGroup;
			children = (
				DA133C861ABB22D10036F50E /* MapKit.framework */,
				DA82FE0D1AB98B0E0098FFEC /* iOSFinal */,
				DA82FE271AB98B0E0098FFEC /* iOSFinalTests */,
				DA82FE0C1AB98B0E0098FFEC /* Products */,
			);
			sourceTree = "<group>";
		};
		DA82FE0C1AB98B0E0098FFEC /* Products */ = {
			isa = PBXGroup;
			children = (
				DA82FE0B1AB98B0E0098FFEC /* iOSFinal.app */,
				DA82FE241AB98B0E0098FFEC /* iOSFinalTests.xctest */,
			);
			name = Products;
			sourceTree = "<group>";
		};
		DA82FE0D1AB98B0E0098FFEC /* iOSFinal */ = {
			isa = PBXGroup;
			children = (
				81E30A931AD67C08005BDD8E /* Model.xcdatamodeld */,
				DA82FE121AB98B0E0098FFEC /* AppDelegate.h */,
				DA82FE131AB98B0E0098FFEC /* AppDelegate.m */,
				DA24550F1AC955D8009BE91E /* IntroViewController.h */,
				DA2455101AC955D8009BE91E /* IntroViewController.m */,
				DA2455091AC95511009BE91E /* IntroPageViewController.h */,
				DA24550A1AC95511009BE91E /* IntroPageViewController.m */,
				DA8197F41AC973B1009B554E /* RootViewController.h */,
				DA8197F51AC973B1009B554E /* RootViewController.m */,
				DA8197F71AC98362009B554E /* NavigationController.h */,
				DA8197F81AC98362009B554E /* NavigationController.m */,
				DAA178961AC02956001EC214 /* NotesViewController.h */,
				DAA178971AC02956001EC214 /* NotesViewController.m */,
				DAA178931AC02940001EC214 /* NoteCell.h */,
				DAA178941AC02940001EC214 /* NoteCell.m */,
				DA2455061AC94DBA009BE91E /* NoteViewController.h */,
				DA2455071AC94DBA009BE91E /* NoteViewController.m */,
				DAD52C1C1AC0452500DF81B4 /* NoteTextView.h */,
				DAD52C1D1AC0452500DF81B4 /* NoteTextView.m */,
				DA82FE1D1AB98B0E0098FFEC /* LaunchScreen.xib */,
				DA82FE181AB98B0E0098FFEC /* Main.storyboard */,
				DA82FE1B1AB98B0E0098FFEC /* Images.xcassets */,
				DA82FE0E1AB98B0E0098FFEC /* Supporting Files */,
			);
			path = iOSFinal;
			sourceTree = "<group>";
		};
		DA82FE0E1AB98B0E0098FFEC /* Supporting Files */ = {
			isa = PBXGroup;
			children = (
				DA82FE0F1AB98B0E0098FFEC /* Info.plist */,
				DA82FE101AB98B0E0098FFEC /* main.m */,
			);
			name = "Supporting Files";
			sourceTree = "<group>";
		};
		DA82FE271AB98B0E0098FFEC /* iOSFinalTests */ = {
			isa = PBXGroup;
			children = (
				DA82FE2A1AB98B0E0098FFEC /* iOSFinalTests.m */,
				DA82FE281AB98B0E0098FFEC /* Supporting Files */,
			);
			path = iOSFinalTests;
			sourceTree = "<group>";
		};
		DA82FE281AB98B0E0098FFEC /* Supporting Files */ = {
			isa = PBXGroup;
			children = (
				DA82FE291AB98B0E0098FFEC /* Info.plist */,
			);
			name = "Supporting Files";
			sourceTree = "<group>";
		};
/* End PBXGroup section */

/* Begin PBXNativeTarget section */
		DA82FE0A1AB98B0E0098FFEC /* iOSFinal */ = {
			isa = PBXNativeTarget;
			buildConfigurationList = DA82FE2E1AB98B0E0098FFEC /* Build configuration list for PBXNativeTarget "iOSFinal" */;
			buildPhases = (
				DA82FE071AB98B0E0098FFEC /* Sources */,
				DA82FE081AB98B0E0098FFEC /* Frameworks */,
				DA82FE091AB98B0E0098FFEC /* Resources */,
			);
			buildRules = (
			);
			dependencies = (
			);
			name = iOSFinal;
			productName = iOSFinal;
			productReference = DA82FE0B1AB98B0E0098FFEC /* iOSFinal.app */;
			productType = "com.apple.product-type.application";
		};
		DA82FE231AB98B0E0098FFEC /* iOSFinalTests */ = {
			isa = PBXNativeTarget;
			buildConfigurationList = DA82FE311AB98B0E0098FFEC /* Build configuration list for PBXNativeTarget "iOSFinalTests" */;
			buildPhases = (
				DA82FE201AB98B0E0098FFEC /* Sources */,
				DA82FE211AB98B0E0098FFEC /* Frameworks */,
				DA82FE221AB98B0E0098FFEC /* Resources */,
			);
			buildRules = (
			);
			dependencies = (
				DA82FE261AB98B0E0098FFEC /* PBXTargetDependency */,
			);
			name = iOSFinalTests;
			productName = iOSFinalTests;
			productReference = DA82FE241AB98B0E0098FFEC /* iOSFinalTests.xctest */;
			productType = "com.apple.product-type.bundle.unit-test";
		};
/* End PBXNativeTarget section */

/* Begin PBXProject section */
		DA82FE031AB98B0E0098FFEC /* Project object */ = {
			isa = PBXProject;
			attributes = {
				LastUpgradeCheck = 0620;
				ORGANIZATIONNAME = Saxion;
				TargetAttributes = {
					DA82FE0A1AB98B0E0098FFEC = {
						CreatedOnToolsVersion = 6.2;
					};
					DA82FE231AB98B0E0098FFEC = {
						CreatedOnToolsVersion = 6.2;
						TestTargetID = DA82FE0A1AB98B0E0098FFEC;
					};
				};
			};
			buildConfigurationList = DA82FE061AB98B0E0098FFEC /* Build configuration list for PBXProject "iOSFinal" */;
			compatibilityVersion = "Xcode 3.2";
			developmentRegion = English;
			hasScannedForEncodings = 0;
			knownRegions = (
				en,
				Base,
			);
			mainGroup = DA82FE021AB98B0E0098FFEC;
			productRefGroup = DA82FE0C1AB98B0E0098FFEC /* Products */;
			projectDirPath = "";
			projectRoot = "";
			targets = (
				DA82FE0A1AB98B0E0098FFEC /* iOSFinal */,
				DA82FE231AB98B0E0098FFEC /* iOSFinalTests */,
			);
		};
/* End PBXProject section */

/* Begin PBXResourcesBuildPhase section */
		DA82FE091AB98B0E0098FFEC /* Resources */ = {
			isa = PBXResourcesBuildPhase;
			buildActionMask = 2147483647;
			files = (
				DA82FE1A1AB98B0E0098FFEC /* Main.storyboard in Resources */,
				DA82FE1F1AB98B0E0098FFEC /* LaunchScreen.xib in Resources */,
				DA82FE1C1AB98B0E0098FFEC /* Images.xcassets in Resources */,
			);
			runOnlyForDeploymentPostprocessing = 0;
		};
		DA82FE221AB98B0E0098FFEC /* Resources */ = {
			isa = PBXResourcesBuildPhase;
			buildActionMask = 2147483647;
			files = (
			);
			runOnlyForDeploymentPostprocessing = 0;
		};
/* End PBXResourcesBuildPhase section */

/* Begin PBXSourcesBuildPhase section */
		DA82FE071AB98B0E0098FFEC /* Sources */ = {
			isa = PBXSourcesBuildPhase;
			buildActionMask = 2147483647;
			files = (
				DA2455081AC94DBA009BE91E /* NoteViewController.m in Sources */,
				DAA178981AC02956001EC214 /* NotesViewController.m in Sources */,
				DA82FE141AB98B0E0098FFEC /* AppDelegate.m in Sources */,
				DA2455111AC955D8009BE91E /* IntroViewController.m in Sources */,
				DA24550B1AC95511009BE91E /* IntroPageViewController.m in Sources */,
				DA8197F61AC973B1009B554E /* RootViewController.m in Sources */,
				DA82FE111AB98B0E0098FFEC /* main.m in Sources */,
				DA8197F91AC98362009B554E /* NavigationController.m in Sources */,
				DAA178951AC02940001EC214 /* NoteCell.m in Sources */,
				81E30A951AD67C08005BDD8E /* Model.xcdatamodeld in Sources */,
				DAD52C1E1AC0452500DF81B4 /* NoteTextView.m in Sources */,
			);
			runOnlyForDeploymentPostprocessing = 0;
		};
		DA82FE201AB98B0E0098FFEC /* Sources */ = {
			isa = PBXSourcesBuildPhase;
			buildActionMask = 2147483647;
			files = (
				DA82FE2B1AB98B0E0098FFEC /* iOSFinalTests.m in Sources */,
			);
			runOnlyForDeploymentPostprocessing = 0;
		};
/* End PBXSourcesBuildPhase section */

/* Begin PBXTargetDependency section */
		DA82FE261AB98B0E0098FFEC /* PBXTargetDependency */ = {
			isa = PBXTargetDependency;
			target = DA82FE0A1AB98B0E0098FFEC /* iOSFinal */;
			targetProxy = DA82FE251AB98B0E0098FFEC /* PBXContainerItemProxy */;
		};
/* End PBXTargetDependency section */

/* Begin PBXVariantGroup section */
		DA82FE181AB98B0E0098FFEC /* Main.storyboard */ = {
			isa = PBXVariantGroup;
			children = (
				DA82FE191AB98B0E0098FFEC /* Base */,
			);
			name = Main.storyboard;
			sourceTree = "<group>";
		};
		DA82FE1D1AB98B0E0098FFEC /* LaunchScreen.xib */ = {
			isa = PBXVariantGroup;
			children = (
				DA82FE1E1AB98B0E0098FFEC /* Base */,
			);
			name = LaunchScreen.xib;
			sourceTree = "<group>";
		};
/* End PBXVariantGroup section */

/* Begin XCBuildConfiguration section */
		DA82FE2C1AB98B0E0098FFEC /* Debug */ = {
			isa = XCBuildConfiguration;
			buildSettings = {
				ALWAYS_SEARCH_USER_PATHS = NO;
				CLANG_CXX_LANGUAGE_STANDARD = "gnu++0x";
				CLANG_CXX_LIBRARY = "libc++";
				CLANG_ENABLE_MODULES = YES;
				CLANG_ENABLE_OBJC_ARC = YES;
				CLANG_WARN_BOOL_CONVERSION = YES;
				CLANG_WARN_CONSTANT_CONVERSION = YES;
				CLANG_WARN_DIRECT_OBJC_ISA_USAGE = YES_ERROR;
				CLANG_WARN_EMPTY_BODY = YES;
				CLANG_WARN_ENUM_CONVERSION = YES;
				CLANG_WARN_INT_CONVERSION = YES;
				CLANG_WARN_OBJC_ROOT_CLASS = YES_ERROR;
				CLANG_WARN_UNREACHABLE_CODE = YES;
				CLANG_WARN__DUPLICATE_METHOD_MATCH = YES;
				"CODE_SIGN_IDENTITY[sdk=iphoneos*]" = "iPhone Developer";
				COPY_PHASE_STRIP = NO;
				ENABLE_STRICT_OBJC_MSGSEND = YES;
				GCC_C_LANGUAGE_STANDARD = gnu99;
				GCC_DYNAMIC_NO_PIC = NO;
				GCC_OPTIMIZATION_LEVEL = 0;
				GCC_PREPROCESSOR_DEFINITIONS = (
					"DEBUG=1",
					"$(inherited)",
				);
				GCC_SYMBOLS_PRIVATE_EXTERN = NO;
				GCC_WARN_64_TO_32_BIT_CONVERSION = YES;
				GCC_WARN_ABOUT_RETURN_TYPE = YES_ERROR;
				GCC_WARN_UNDECLARED_SELECTOR = YES;
				GCC_WARN_UNINITIALIZED_AUTOS = YES_AGGRESSIVE;
				GCC_WARN_UNUSED_FUNCTION = YES;
				GCC_WARN_UNUSED_VARIABLE = YES;
				IPHONEOS_DEPLOYMENT_TARGET = 8.2;
				MTL_ENABLE_DEBUG_INFO = YES;
				ONLY_ACTIVE_ARCH = YES;
				SDKROOT = iphoneos;
			};
			name = Debug;
		};
		DA82FE2D1AB98B0E0098FFEC /* Release */ = {
			isa = XCBuildConfiguration;
			buildSettings = {
				ALWAYS_SEARCH_USER_PATHS = NO;
				CLANG_CXX_LANGUAGE_STANDARD = "gnu++0x";
				CLANG_CXX_LIBRARY = "libc++";
				CLANG_ENABLE_MODULES = YES;
				CLANG_ENABLE_OBJC_ARC = YES;
				CLANG_WARN_BOOL_CONVERSION = YES;
				CLANG_WARN_CONSTANT_CONVERSION = YES;
				CLANG_WARN_DIRECT_OBJC_ISA_USAGE = YES_ERROR;
				CLANG_WARN_EMPTY_BODY = YES;
				CLANG_WARN_ENUM_CONVERSION = YES;
				CLANG_WARN_INT_CONVERSION = YES;
				CLANG_WARN_OBJC_ROOT_CLASS = YES_ERROR;
				CLANG_WARN_UNREACHABLE_CODE = YES;
				CLANG_WARN__DUPLICATE_METHOD_MATCH = YES;
				"CODE_SIGN_IDENTITY[sdk=iphoneos*]" = "iPhone Developer";
				COPY_PHASE_STRIP = NO;
				ENABLE_NS_ASSERTIONS = NO;
				ENABLE_STRICT_OBJC_MSGSEND = YES;
				GCC_C_LANGUAGE_STANDARD = gnu99;
				GCC_WARN_64_TO_32_BIT_CONVERSION = YES;
				GCC_WARN_ABOUT_RETURN_TYPE = YES_ERROR;
				GCC_WARN_UNDECLARED_SELECTOR = YES;
				GCC_WARN_UNINITIALIZED_AUTOS = YES_AGGRESSIVE;
				GCC_WARN_UNUSED_FUNCTION = YES;
				GCC_WARN_UNUSED_VARIABLE = YES;
				IPHONEOS_DEPLOYMENT_TARGET = 8.2;
				MTL_ENABLE_DEBUG_INFO = NO;
				SDKROOT = iphoneos;
				VALIDATE_PRODUCT = YES;
			};
			name = Release;
		};
		DA82FE2F1AB98B0E0098FFEC /* Debug */ = {
			isa = XCBuildConfiguration;
			buildSettings = {
				ASSETCATALOG_COMPILER_APPICON_NAME = AppIcon;
				INFOPLIST_FILE = iOSFinal/Info.plist;
				LD_RUNPATH_SEARCH_PATHS = "$(inherited) @executable_path/Frameworks";
				PRODUCT_NAME = "$(TARGET_NAME)";
			};
			name = Debug;
		};
		DA82FE301AB98B0E0098FFEC /* Release */ = {
			isa = XCBuildConfiguration;
			buildSettings = {
				ASSETCATALOG_COMPILER_APPICON_NAME = AppIcon;
				INFOPLIST_FILE = iOSFinal/Info.plist;
				LD_RUNPATH_SEARCH_PATHS = "$(inherited) @executable_path/Frameworks";
				PRODUCT_NAME = "$(TARGET_NAME)";
			};
			name = Release;
		};
		DA82FE321AB98B0E0098FFEC /* Debug */ = {
			isa = XCBuildConfiguration;
			buildSettings = {
				BUNDLE_LOADER = "$(TEST_HOST)";
				FRAMEWORK_SEARCH_PATHS = (
					"$(SDKROOT)/Developer/Library/Frameworks",
					"$(inherited)",
				);
				GCC_PREPROCESSOR_DEFINITIONS = (
					"DEBUG=1",
					"$(inherited)",
				);
				INFOPLIST_FILE = iOSFinalTests/Info.plist;
				LD_RUNPATH_SEARCH_PATHS = "$(inherited) @executable_path/Frameworks @loader_path/Frameworks";
				PRODUCT_NAME = "$(TARGET_NAME)";
				TEST_HOST = "$(BUILT_PRODUCTS_DIR)/iOSFinal.app/iOSFinal";
			};
			name = Debug;
		};
		DA82FE331AB98B0E0098FFEC /* Release */ = {
			isa = XCBuildConfiguration;
			buildSettings = {
				BUNDLE_LOADER = "$(TEST_HOST)";
				FRAMEWORK_SEARCH_PATHS = (
					"$(SDKROOT)/Developer/Library/Frameworks",
					"$(inherited)",
				);
				INFOPLIST_FILE = iOSFinalTests/Info.plist;
				LD_RUNPATH_SEARCH_PATHS = "$(inherited) @executable_path/Frameworks @loader_path/Frameworks";
				PRODUCT_NAME = "$(TARGET_NAME)";
				TEST_HOST = "$(BUILT_PRODUCTS_DIR)/iOSFinal.app/iOSFinal";
			};
			name = Release;
		};
/* End XCBuildConfiguration section */

/* Begin XCConfigurationList section */
		DA82FE061AB98B0E0098FFEC /* Build configuration list for PBXProject "iOSFinal" */ = {
			isa = XCConfigurationList;
			buildConfigurations = (
				DA82FE2C1AB98B0E0098FFEC /* Debug */,
				DA82FE2D1AB98B0E0098FFEC /* Release */,
			);
			defaultConfigurationIsVisible = 0;
			defaultConfigurationName = Release;
		};
		DA82FE2E1AB98B0E0098FFEC /* Build configuration list for PBXNativeTarget "iOSFinal" */ = {
			isa = XCConfigurationList;
			buildConfigurations = (
				DA82FE2F1AB98B0E0098FFEC /* Debug */,
				DA82FE301AB98B0E0098FFEC /* Release */,
			);
			defaultConfigurationIsVisible = 0;
			defaultConfigurationName = Release;
		};
		DA82FE311AB98B0E0098FFEC /* Build configuration list for PBXNativeTarget "iOSFinalTests" */ = {
			isa = XCConfigurationList;
			buildConfigurations = (
				DA82FE321AB98B0E0098FFEC /* Debug */,
				DA82FE331AB98B0E0098FFEC /* Release */,
			);
			defaultConfigurationIsVisible = 0;
			defaultConfigurationName = Release;
		};
/* End XCConfigurationList section */

/* Begin XCVersionGroup section */
		81E30A931AD67C08005BDD8E /* Model.xcdatamodeld */ = {
			isa = XCVersionGroup;
			children = (
				81E30A941AD67C08005BDD8E /* Model.xcdatamodel */,
			);
			currentVersion = 81E30A941AD67C08005BDD8E /* Model.xcdatamodel */;
			path = Model.xcdatamodeld;
			sourceTree = "<group>";
			versionGroupType = wrapper.xcdatamodel;
		};
/* End XCVersionGroup section */
	};
	rootObject = DA82FE031AB98B0E0098FFEC /* Project object */;
}
